
Microsoft Visual Studio Solution File, Format Version 12.00
# Visual Studio 15
VisualStudioVersion = 15.0.28010.2036
MinimumVisualStudioVersion = 10.0.40219.1
Project("{FAE04EC0-301F-11D3-BF4B-00C04F79EFBC}") = "iBarberE1.Android", "iBarberE1\iBarberE1.Android\iBarberE1.Android.csproj", "{F31C744E-5A40-43DA-92FB-8409EF9DF349}"
EndProject
Project("{FAE04EC0-301F-11D3-BF4B-00C04F79EFBC}") = "iBarberE1.iOS", "iBarberE1\iBarberE1.iOS\iBarberE1.iOS.csproj", "{9091F48D-2F2E-4397-A229-94C57633F727}"
EndProject
Project("{FAE04EC0-301F-11D3-BF4B-00C04F79EFBC}") = "iBarberE1.UWP", "iBarberE1\iBarberE1.UWP\iBarberE1.UWP.csproj", "{DB70FED4-A278-479B-A894-B48C532990A9}"
EndProject
Project("{FAE04EC0-301F-11D3-BF4B-00C04F79EFBC}") = "iBarberE1", "iBarberE1\iBarberE1\iBarberE1.csproj", "{587A680A-E099-4605-914E-06C2394DDB54}"
EndProject
Global
	GlobalSection(SolutionConfigurationPlatforms) = preSolution
		Ad-Hoc|Any CPU = Ad-Hoc|Any CPU
		Ad-Hoc|ARM = Ad-Hoc|ARM
		Ad-Hoc|iPhone = Ad-Hoc|iPhone
		Ad-Hoc|iPhoneSimulator = Ad-Hoc|iPhoneSimulator
		Ad-Hoc|x64 = Ad-Hoc|x64
		Ad-Hoc|x86 = Ad-Hoc|x86
		AppStore|Any CPU = AppStore|Any CPU
		AppStore|ARM = AppStore|ARM
		AppStore|iPhone = AppStore|iPhone
		AppStore|iPhoneSimulator = AppStore|iPhoneSimulator
		AppStore|x64 = AppStore|x64
		AppStore|x86 = AppStore|x86
		Debug|Any CPU = Debug|Any CPU
		Debug|ARM = Debug|ARM
		Debug|iPhone = Debug|iPhone
		Debug|iPhoneSimulator = Debug|iPhoneSimulator
		Debug|x64 = Debug|x64
		Debug|x86 = Debug|x86
		Release|Any CPU = Release|Any CPU
		Release|ARM = Release|ARM
		Release|iPhone = Release|iPhone
		Release|iPhoneSimulator = Release|iPhoneSimulator
		Release|x64 = Release|x64
		Release|x86 = Release|x86
	EndGlobalSection
	GlobalSection(ProjectConfigurationPlatforms) = postSolution
		{F31C744E-5A40-43DA-92FB-8409EF9DF349}.Ad-Hoc|Any CPU.ActiveCfg = Release|Any CPU
		{F31C744E-5A40-43DA-92FB-8409EF9DF349}.Ad-Hoc|Any CPU.Build.0 = Release|Any CPU
		{F31C744E-5A40-43DA-92FB-8409EF9DF349}.Ad-Hoc|Any CPU.Deploy.0 = Release|Any CPU
		{F31C744E-5A40-43DA-92FB-8409EF9DF349}.Ad-Hoc|ARM.ActiveCfg = Release|Any CPU
		{F31C744E-5A40-43DA-92FB-8409EF9DF349}.Ad-Hoc|ARM.Build.0 = Release|Any CPU
		{F31C744E-5A40-43DA-92FB-8409EF9DF349}.Ad-Hoc|ARM.Deploy.0 = Release|Any CPU
		{F31C744E-5A40-43DA-92FB-8409EF9DF349}.Ad-Hoc|iPhone.ActiveCfg = Release|Any CPU
		{F31C744E-5A40-43DA-92FB-8409EF9DF349}.Ad-Hoc|iPhone.Build.0 = Release|Any CPU
		{F31C744E-5A40-43DA-92FB-8409EF9DF349}.Ad-Hoc|iPhone.Deploy.0 = Release|Any CPU
		{F31C744E-5A40-43DA-92FB-8409EF9DF349}.Ad-Hoc|iPhoneSimulator.ActiveCfg = Release|Any CPU
		{F31C744E-5A40-43DA-92FB-8409EF9DF349}.Ad-Hoc|iPhoneSimulator.Build.0 = Release|Any CPU
		{F31C744E-5A40-43DA-92FB-8409EF9DF349}.Ad-Hoc|iPhoneSimulator.Deploy.0 = Release|Any CPU
		{F31C744E-5A40-43DA-92FB-8409EF9DF349}.Ad-Hoc|x64.ActiveCfg = Release|Any CPU
		{F31C744E-5A40-43DA-92FB-8409EF9DF349}.Ad-Hoc|x64.Build.0 = Release|Any CPU
		{F31C744E-5A40-43DA-92FB-8409EF9DF349}.Ad-Hoc|x64.Deploy.0 = Release|Any CPU
		{F31C744E-5A40-43DA-92FB-8409EF9DF349}.Ad-Hoc|x86.ActiveCfg = Release|Any CPU
		{F31C744E-5A40-43DA-92FB-8409EF9DF349}.Ad-Hoc|x86.Build.0 = Release|Any CPU
		{F31C744E-5A40-43DA-92FB-8409EF9DF349}.Ad-Hoc|x86.Deploy.0 = Release|Any CPU
		{F31C744E-5A40-43DA-92FB-8409EF9DF349}.AppStore|Any CPU.ActiveCfg = Release|Any CPU
		{F31C744E-5A40-43DA-92FB-8409EF9DF349}.AppStore|Any CPU.Build.0 = Release|Any CPU
		{F31C744E-5A40-43DA-92FB-8409EF9DF349}.AppStore|Any CPU.Deploy.0 = Release|Any CPU
		{F31C744E-5A40-43DA-92FB-8409EF9DF349}.AppStore|ARM.ActiveCfg = Release|Any CPU
		{F31C744E-5A40-43DA-92FB-8409EF9DF349}.AppStore|ARM.Build.0 = Release|Any CPU
		{F31C744E-5A40-43DA-92FB-8409EF9DF349}.AppStore|ARM.Deploy.0 = Release|Any CPU
		{F31C744E-5A40-43DA-92FB-8409EF9DF349}.AppStore|iPhone.ActiveCfg = Release|Any CPU
		{F31C744E-5A40-43DA-92FB-8409EF9DF349}.AppStore|iPhone.Build.0 = Release|Any CPU
		{F31C744E-5A40-43DA-92FB-8409EF9DF349}.AppStore|iPhone.Deploy.0 = Release|Any CPU
		{F31C744E-5A40-43DA-92FB-8409EF9DF349}.AppStore|iPhoneSimulator.ActiveCfg = Release|Any CPU
		{F31C744E-5A40-43DA-92FB-8409EF9DF349}.AppStore|iPhoneSimulator.Build.0 = Release|Any CPU
		{F31C744E-5A40-43DA-92FB-8409EF9DF349}.AppStore|iPhoneSimulator.Deploy.0 = Release|Any CPU
		{F31C744E-5A40-43DA-92FB-8409EF9DF349}.AppStore|x64.ActiveCfg = Release|Any CPU
		{F31C744E-5A40-43DA-92FB-8409EF9DF349}.AppStore|x64.Build.0 = Release|Any CPU
		{F31C744E-5A40-43DA-92FB-8409EF9DF349}.AppStore|x64.Deploy.0 = Release|Any CPU
		{F31C744E-5A40-43DA-92FB-8409EF9DF349}.AppStore|x86.ActiveCfg = Release|Any CPU
		{F31C744E-5A40-43DA-92FB-8409EF9DF349}.AppStore|x86.Build.0 = Release|Any CPU
		{F31C744E-5A40-43DA-92FB-8409EF9DF349}.AppStore|x86.Deploy.0 = Release|Any CPU
		{F31C744E-5A40-43DA-92FB-8409EF9DF349}.Debug|Any CPU.ActiveCfg = Debug|Any CPU
		{F31C744E-5A40-43DA-92FB-8409EF9DF349}.Debug|Any CPU.Build.0 = Debug|Any CPU
		{F31C744E-5A40-43DA-92FB-8409EF9DF349}.Debug|Any CPU.Deploy.0 = Debug|Any CPU
		{F31C744E-5A40-43DA-92FB-8409EF9DF349}.Debug|ARM.ActiveCfg = Debug|Any CPU
		{F31C744E-5A40-43DA-92FB-8409EF9DF349}.Debug|ARM.Build.0 = Debug|Any CPU
		{F31C744E-5A40-43DA-92FB-8409EF9DF349}.Debug|ARM.Deploy.0 = Debug|Any CPU
		{F31C744E-5A40-43DA-92FB-8409EF9DF349}.Debug|iPhone.ActiveCfg = Debug|Any CPU
		{F31C744E-5A40-43DA-92FB-8409EF9DF349}.Debug|iPhone.Build.0 = Debug|Any CPU
		{F31C744E-5A40-43DA-92FB-8409EF9DF349}.Debug|iPhone.Deploy.0 = Debug|Any CPU
		{F31C744E-5A40-43DA-92FB-8409EF9DF349}.Debug|iPhoneSimulator.ActiveCfg = Debug|Any CPU
		{F31C744E-5A40-43DA-92FB-8409EF9DF349}.Debug|iPhoneSimulator.Build.0 = Debug|Any CPU
		{F31C744E-5A40-43DA-92FB-8409EF9DF349}.Debug|iPhoneSimulator.Deploy.0 = Debug|Any CPU
		{F31C744E-5A40-43DA-92FB-8409EF9DF349}.Debug|x64.ActiveCfg = Debug|Any CPU
		{F31C744E-5A40-43DA-92FB-8409EF9DF349}.Debug|x64.Build.0 = Debug|Any CPU
		{F31C744E-5A40-43DA-92FB-8409EF9DF349}.Debug|x64.Deploy.0 = Debug|Any CPU
		{F31C744E-5A40-43DA-92FB-8409EF9DF349}.Debug|x86.ActiveCfg = Debug|Any CPU
		{F31C744E-5A40-43DA-92FB-8409EF9DF349}.Debug|x86.Build.0 = Debug|Any CPU
		{F31C744E-5A40-43DA-92FB-8409EF9DF349}.Debug|x86.Deploy.0 = Debug|Any CPU
		{F31C744E-5A40-43DA-92FB-8409EF9DF349}.Release|Any CPU.ActiveCfg = Release|Any CPU
		{F31C744E-5A40-43DA-92FB-8409EF9DF349}.Release|Any CPU.Build.0 = Release|Any CPU
		{F31C744E-5A40-43DA-92FB-8409EF9DF349}.Release|Any CPU.Deploy.0 = Release|Any CPU
		{F31C744E-5A40-43DA-92FB-8409EF9DF349}.Release|ARM.ActiveCfg = Release|Any CPU
		{F31C744E-5A40-43DA-92FB-8409EF9DF349}.Release|ARM.Build.0 = Release|Any CPU
		{F31C744E-5A40-43DA-92FB-8409EF9DF349}.Release|ARM.Deploy.0 = Release|Any CPU
		{F31C744E-5A40-43DA-92FB-8409EF9DF349}.Release|iPhone.ActiveCfg = Release|Any CPU
		{F31C744E-5A40-43DA-92FB-8409EF9DF349}.Release|iPhone.Build.0 = Release|Any CPU
		{F31C744E-5A40-43DA-92FB-8409EF9DF349}.Release|iPhone.Deploy.0 = Release|Any CPU
		{F31C744E-5A40-43DA-92FB-8409EF9DF349}.Release|iPhoneSimulator.ActiveCfg = Release|Any CPU
		{F31C744E-5A40-43DA-92FB-8409EF9DF349}.Release|iPhoneSimulator.Build.0 = Release|Any CPU
		{F31C744E-5A40-43DA-92FB-8409EF9DF349}.Release|iPhoneSimulator.Deploy.0 = Release|Any CPU
		{F31C744E-5A40-43DA-92FB-8409EF9DF349}.Release|x64.ActiveCfg = Release|Any CPU
		{F31C744E-5A40-43DA-92FB-8409EF9DF349}.Release|x64.Build.0 = Release|Any CPU
		{F31C744E-5A40-43DA-92FB-8409EF9DF349}.Release|x64.Deploy.0 = Release|Any CPU
		{F31C744E-5A40-43DA-92FB-8409EF9DF349}.Release|x86.ActiveCfg = Release|Any CPU
		{F31C744E-5A40-43DA-92FB-8409EF9DF349}.Release|x86.Build.0 = Release|Any CPU
		{F31C744E-5A40-43DA-92FB-8409EF9DF349}.Release|x86.Deploy.0 = Release|Any CPU
		{9091F48D-2F2E-4397-A229-94C57633F727}.Ad-Hoc|Any CPU.ActiveCfg = Ad-Hoc|iPhone
		{9091F48D-2F2E-4397-A229-94C57633F727}.Ad-Hoc|Any CPU.Build.0 = Ad-Hoc|iPhone
		{9091F48D-2F2E-4397-A229-94C57633F727}.Ad-Hoc|Any CPU.Deploy.0 = Ad-Hoc|iPhone
		{9091F48D-2F2E-4397-A229-94C57633F727}.Ad-Hoc|ARM.ActiveCfg = Ad-Hoc|iPhone
		{9091F48D-2F2E-4397-A229-94C57633F727}.Ad-Hoc|ARM.Build.0 = Ad-Hoc|iPhone
		{9091F48D-2F2E-4397-A229-94C57633F727}.Ad-Hoc|ARM.Deploy.0 = Ad-Hoc|iPhone
		{9091F48D-2F2E-4397-A229-94C57633F727}.Ad-Hoc|iPhone.ActiveCfg = Ad-Hoc|iPhone
		{9091F48D-2F2E-4397-A229-94C57633F727}.Ad-Hoc|iPhone.Build.0 = Ad-Hoc|iPhone
		{9091F48D-2F2E-4397-A229-94C57633F727}.Ad-Hoc|iPhone.Deploy.0 = Ad-Hoc|iPhone
		{9091F48D-2F2E-4397-A229-94C57633F727}.Ad-Hoc|iPhoneSimulator.ActiveCfg = Ad-Hoc|iPhoneSimulator
		{9091F48D-2F2E-4397-A229-94C57633F727}.Ad-Hoc|iPhoneSimulator.Build.0 = Ad-Hoc|iPhoneSimulator
		{9091F48D-2F2E-4397-A229-94C57633F727}.Ad-Hoc|iPhoneSimulator.Deploy.0 = Ad-Hoc|iPhoneSimulator
		{9091F48D-2F2E-4397-A229-94C57633F727}.Ad-Hoc|x64.ActiveCfg = Ad-Hoc|iPhone
		{9091F48D-2F2E-4397-A229-94C57633F727}.Ad-Hoc|x64.Build.0 = Ad-Hoc|iPhone
		{9091F48D-2F2E-4397-A229-94C57633F727}.Ad-Hoc|x64.Deploy.0 = Ad-Hoc|iPhone
		{9091F48D-2F2E-4397-A229-94C57633F727}.Ad-Hoc|x86.ActiveCfg = Ad-Hoc|iPhone
		{9091F48D-2F2E-4397-A229-94C57633F727}.Ad-Hoc|x86.Build.0 = Ad-Hoc|iPhone
		{9091F48D-2F2E-4397-A229-94C57633F727}.Ad-Hoc|x86.Deploy.0 = Ad-Hoc|iPhone
		{9091F48D-2F2E-4397-A229-94C57633F727}.AppStore|Any CPU.ActiveCfg = AppStore|iPhone
		{9091F48D-2F2E-4397-A229-94C57633F727}.AppStore|Any CPU.Build.0 = AppStore|iPhone
		{9091F48D-2F2E-4397-A229-94C57633F727}.AppStore|Any CPU.Deploy.0 = AppStore|iPhone
		{9091F48D-2F2E-4397-A229-94C57633F727}.AppStore|ARM.ActiveCfg = AppStore|iPhone
		{9091F48D-2F2E-4397-A229-94C57633F727}.AppStore|ARM.Build.0 = AppStore|iPhone
		{9091F48D-2F2E-4397-A229-94C57633F727}.AppStore|ARM.Deploy.0 = AppStore|iPhone
		{9091F48D-2F2E-4397-A229-94C57633F727}.AppStore|iPhone.ActiveCfg = AppStore|iPhone
		{9091F48D-2F2E-4397-A229-94C57633F727}.AppStore|iPhone.Build.0 = AppStore|iPhone
		{9091F48D-2F2E-4397-A229-94C57633F727}.AppStore|iPhone.Deploy.0 = AppStore|iPhone
		{9091F48D-2F2E-4397-A229-94C57633F727}.AppStore|iPhoneSimulator.ActiveCfg = AppStore|iPhoneSimulator
		{9091F48D-2F2E-4397-A229-94C57633F727}.AppStore|iPhoneSimulator.Build.0 = AppStore|iPhoneSimulator
		{9091F48D-2F2E-4397-A229-94C57633F727}.AppStore|iPhoneSimulator.Deploy.0 = AppStore|iPhoneSimulator
		{9091F48D-2F2E-4397-A229-94C57633F727}.AppStore|x64.ActiveCfg = AppStore|iPhone
		{9091F48D-2F2E-4397-A229-94C57633F727}.AppStore|x64.Build.0 = AppStore|iPhone
		{9091F48D-2F2E-4397-A229-94C57633F727}.AppStore|x64.Deploy.0 = AppStore|iPhone
		{9091F48D-2F2E-4397-A229-94C57633F727}.AppStore|x86.ActiveCfg = AppStore|iPhone
		{9091F48D-2F2E-4397-A229-94C57633F727}.AppStore|x86.Build.0 = AppStore|iPhone
		{9091F48D-2F2E-4397-A229-94C57633F727}.AppStore|x86.Deploy.0 = AppStore|iPhone
		{9091F48D-2F2E-4397-A229-94C57633F727}.Debug|Any CPU.ActiveCfg = Debug|iPhoneSimulator
		{9091F48D-2F2E-4397-A229-94C57633F727}.Debug|Any CPU.Build.0 = Debug|iPhoneSimulator
		{9091F48D-2F2E-4397-A229-94C57633F727}.Debug|Any CPU.Deploy.0 = Debug|iPhoneSimulator
		{9091F48D-2F2E-4397-A229-94C57633F727}.Debug|ARM.ActiveCfg = Debug|iPhone
		{9091F48D-2F2E-4397-A229-94C57633F727}.Debug|ARM.Build.0 = Debug|iPhone
		{9091F48D-2F2E-4397-A229-94C57633F727}.Debug|ARM.Deploy.0 = Debug|iPhone
		{9091F48D-2F2E-4397-A229-94C57633F727}.Debug|iPhone.ActiveCfg = Debug|iPhone
		{9091F48D-2F2E-4397-A229-94C57633F727}.Debug|iPhone.Build.0 = Debug|iPhone
		{9091F48D-2F2E-4397-A229-94C57633F727}.Debug|iPhone.Deploy.0 = Debug|iPhone
		{9091F48D-2F2E-4397-A229-94C57633F727}.Debug|iPhoneSimulator.ActiveCfg = Debug|iPhoneSimulator
		{9091F48D-2F2E-4397-A229-94C57633F727}.Debug|iPhoneSimulator.Build.0 = Debug|iPhoneSimulator
		{9091F48D-2F2E-4397-A229-94C57633F727}.Debug|iPhoneSimulator.Deploy.0 = Debug|iPhoneSimulator
		{9091F48D-2F2E-4397-A229-94C57633F727}.Debug|x64.ActiveCfg = Debug|iPhone
		{9091F48D-2F2E-4397-A229-94C57633F727}.Debug|x64.Build.0 = Debug|iPhone
		{9091F48D-2F2E-4397-A229-94C57633F727}.Debug|x64.Deploy.0 = Debug|iPhone
		{9091F48D-2F2E-4397-A229-94C57633F727}.Debug|x86.ActiveCfg = Debug|iPhone
		{9091F48D-2F2E-4397-A229-94C57633F727}.Debug|x86.Build.0 = Debug|iPhone
		{9091F48D-2F2E-4397-A229-94C57633F727}.Debug|x86.Deploy.0 = Debug|iPhone
		{9091F48D-2F2E-4397-A229-94C57633F727}.Release|Any CPU.ActiveCfg = Release|iPhone
		{9091F48D-2F2E-4397-A229-94C57633F727}.Release|Any CPU.Build.0 = Release|iPhone
		{9091F48D-2F2E-4397-A229-94C57633F727}.Release|Any CPU.Deploy.0 = Release|iPhone
		{9091F48D-2F2E-4397-A229-94C57633F727}.Release|ARM.ActiveCfg = Release|iPhone
		{9091F48D-2F2E-4397-A229-94C57633F727}.Release|ARM.Build.0 = Release|iPhone
		{9091F48D-2F2E-4397-A229-94C57633F727}.Release|ARM.Deploy.0 = Release|iPhone
		{9091F48D-2F2E-4397-A229-94C57633F727}.Release|iPhone.ActiveCfg = Release|iPhone
		{9091F48D-2F2E-4397-A229-94C57633F727}.Release|iPhone.Build.0 = Release|iPhone
		{9091F48D-2F2E-4397-A229-94C57633F727}.Release|iPhone.Deploy.0 = Release|iPhone
		{9091F48D-2F2E-4397-A229-94C57633F727}.Release|iPhoneSimulator.ActiveCfg = Release|iPhoneSimulator
		{9091F48D-2F2E-4397-A229-94C57633F727}.Release|iPhoneSimulator.Build.0 = Release|iPhoneSimulator
		{9091F48D-2F2E-4397-A229-94C57633F727}.Release|iPhoneSimulator.Deploy.0 = Release|iPhoneSimulator
		{9091F48D-2F2E-4397-A229-94C57633F727}.Release|x64.ActiveCfg = Release|iPhone
		{9091F48D-2F2E-4397-A229-94C57633F727}.Release|x64.Build.0 = Release|iPhone
		{9091F48D-2F2E-4397-A229-94C57633F727}.Release|x64.Deploy.0 = Release|iPhone
		{9091F48D-2F2E-4397-A229-94C57633F727}.Release|x86.ActiveCfg = Release|iPhone
		{9091F48D-2F2E-4397-A229-94C57633F727}.Release|x86.Build.0 = Release|iPhone
		{9091F48D-2F2E-4397-A229-94C57633F727}.Release|x86.Deploy.0 = Release|iPhone
		{DB70FED4-A278-479B-A894-B48C532990A9}.Ad-Hoc|Any CPU.ActiveCfg = Release|x86
		{DB70FED4-A278-479B-A894-B48C532990A9}.Ad-Hoc|Any CPU.Build.0 = Release|x86
		{DB70FED4-A278-479B-A894-B48C532990A9}.Ad-Hoc|Any CPU.Deploy.0 = Release|x86
		{DB70FED4-A278-479B-A894-B48C532990A9}.Ad-Hoc|ARM.ActiveCfg = Release|ARM
		{DB70FED4-A278-479B-A894-B48C532990A9}.Ad-Hoc|ARM.Build.0 = Release|ARM
		{DB70FED4-A278-479B-A894-B48C532990A9}.Ad-Hoc|ARM.Deploy.0 = Release|ARM
		{DB70FED4-A278-479B-A894-B48C532990A9}.Ad-Hoc|iPhone.ActiveCfg = Release|x86
		{DB70FED4-A278-479B-A894-B48C532990A9}.Ad-Hoc|iPhone.Build.0 = Release|x86
		{DB70FED4-A278-479B-A894-B48C532990A9}.Ad-Hoc|iPhone.Deploy.0 = Release|x86
		{DB70FED4-A278-479B-A894-B48C532990A9}.Ad-Hoc|iPhoneSimulator.ActiveCfg = Release|x86
		{DB70FED4-A278-479B-A894-B48C532990A9}.Ad-Hoc|iPhoneSimulator.Build.0 = Release|x86
		{DB70FED4-A278-479B-A894-B48C532990A9}.Ad-Hoc|iPhoneSimulator.Deploy.0 = Release|x86
		{DB70FED4-A278-479B-A894-B48C532990A9}.Ad-Hoc|x64.ActiveCfg = Release|x64
		{DB70FED4-A278-479B-A894-B48C532990A9}.Ad-Hoc|x64.Build.0 = Release|x64
		{DB70FED4-A278-479B-A894-B48C532990A9}.Ad-Hoc|x64.Deploy.0 = Release|x64
		{DB70FED4-A278-479B-A894-B48C532990A9}.Ad-Hoc|x86.ActiveCfg = Release|x86
		{DB70FED4-A278-479B-A894-B48C532990A9}.Ad-Hoc|x86.Build.0 = Release|x86
		{DB70FED4-A278-479B-A894-B48C532990A9}.Ad-Hoc|x86.Deploy.0 = Release|x86
		{DB70FED4-A278-479B-A894-B48C532990A9}.AppStore|Any CPU.ActiveCfg = Release|x86
		{DB70FED4-A278-479B-A894-B48C532990A9}.AppStore|Any CPU.Build.0 = Release|x86
		{DB70FED4-A278-479B-A894-B48C532990A9}.AppStore|Any CPU.Deploy.0 = Release|x86
		{DB70FED4-A278-479B-A894-B48C532990A9}.AppStore|ARM.ActiveCfg = Release|ARM
		{DB70FED4-A278-479B-A894-B48C532990A9}.AppStore|ARM.Build.0 = Release|ARM
		{DB70FED4-A278-479B-A894-B48C532990A9}.AppStore|ARM.Deploy.0 = Release|ARM
		{DB70FED4-A278-479B-A894-B48C532990A9}.AppStore|iPhone.ActiveCfg = Release|x86
		{DB70FED4-A278-479B-A894-B48C532990A9}.AppStore|iPhone.Build.0 = Release|x86
		{DB70FED4-A278-479B-A894-B48C532990A9}.AppStore|iPhone.Deploy.0 = Release|x86
		{DB70FED4-A278-479B-A894-B48C532990A9}.AppStore|iPhoneSimulator.ActiveCfg = Release|x86
		{DB70FED4-A278-479B-A894-B48C532990A9}.AppStore|iPhoneSimulator.Build.0 = Release|x86
		{DB70FED4-A278-479B-A894-B48C532990A9}.AppStore|iPhoneSimulator.Deploy.0 = Release|x86
		{DB70FED4-A278-479B-A894-B48C532990A9}.AppStore|x64.ActiveCfg = Release|x64
		{DB70FED4-A278-479B-A894-B48C532990A9}.AppStore|x64.Build.0 = Release|x64
		{DB70FED4-A278-479B-A894-B48C532990A9}.AppStore|x64.Deploy.0 = Release|x64
		{DB70FED4-A278-479B-A894-B48C532990A9}.AppStore|x86.ActiveCfg = Release|x86
		{DB70FED4-A278-479B-A894-B48C532990A9}.AppStore|x86.Build.0 = Release|x86
		{DB70FED4-A278-479B-A894-B48C532990A9}.AppStore|x86.Deploy.0 = Release|x86
		{DB70FED4-A278-479B-A894-B48C532990A9}.Debug|Any CPU.ActiveCfg = Debug|x86
		{DB70FED4-A278-479B-A894-B48C532990A9}.Debug|Any CPU.Build.0 = Debug|x86
		{DB70FED4-A278-479B-A894-B48C532990A9}.Debug|Any CPU.Deploy.0 = Debug|x86
		{DB70FED4-A278-479B-A894-B48C532990A9}.Debug|ARM.ActiveCfg = Debug|ARM
		{DB70FED4-A278-479B-A894-B48C532990A9}.Debug|ARM.Build.0 = Debug|ARM
		{DB70FED4-A278-479B-A894-B48C532990A9}.Debug|ARM.Deploy.0 = Debug|ARM
		{DB70FED4-A278-479B-A894-B48C532990A9}.Debug|iPhone.ActiveCfg = Debug|x86
		{DB70FED4-A278-479B-A894-B48C532990A9}.Debug|iPhone.Build.0 = Debug|x86
		{DB70FED4-A278-479B-A894-B48C532990A9}.Debug|iPhone.Deploy.0 = Debug|x86
		{DB70FED4-A278-479B-A894-B48C532990A9}.Debug|iPhoneSimulator.ActiveCfg = Debug|x86
		{DB70FED4-A278-479B-A894-B48C532990A9}.Debug|iPhoneSimulator.Build.0 = Debug|x86
		{DB70FED4-A278-479B-A894-B48C532990A9}.Debug|iPhoneSimulator.Deploy.0 = Debug|x86
		{DB70FED4-A278-479B-A894-B48C532990A9}.Debug|x64.ActiveCfg = Debug|x64
		{DB70FED4-A278-479B-A894-B48C532990A9}.Debug|x64.Build.0 = Debug|x64
		{DB70FED4-A278-479B-A894-B48C532990A9}.Debug|x64.Deploy.0 = Debug|x64
		{DB70FED4-A278-479B-A894-B48C532990A9}.Debug|x86.ActiveCfg = Debug|x86
		{DB70FED4-A278-479B-A894-B48C532990A9}.Debug|x86.Build.0 = Debug|x86
		{DB70FED4-A278-479B-A894-B48C532990A9}.Debug|x86.Deploy.0 = Debug|x86
		{DB70FED4-A278-479B-A894-B48C532990A9}.Release|Any CPU.ActiveCfg = Release|x86
		{DB70FED4-A278-479B-A894-B48C532990A9}.Release|Any CPU.Build.0 = Release|x86
		{DB70FED4-A278-479B-A894-B48C532990A9}.Release|Any CPU.Deploy.0 = Release|x86
		{DB70FED4-A278-479B-A894-B48C532990A9}.Release|ARM.ActiveCfg = Release|ARM
		{DB70FED4-A278-479B-A894-B48C532990A9}.Release|ARM.Build.0 = Release|ARM
		{DB70FED4-A278-479B-A894-B48C532990A9}.Release|ARM.Deploy.0 = Release|ARM
		{DB70FED4-A278-479B-A894-B48C532990A9}.Release|iPhone.ActiveCfg = Release|x86
		{DB70FED4-A278-479B-A894-B48C532990A9}.Release|iPhone.Build.0 = Release|x86
		{DB70FED4-A278-479B-A894-B48C532990A9}.Release|iPhone.Deploy.0 = Release|x86
		{DB70FED4-A278-479B-A894-B48C532990A9}.Release|iPhoneSimulator.ActiveCfg = Release|x86
		{DB70FED4-A278-479B-A894-B48C532990A9}.Release|iPhoneSimulator.Build.0 = Release|x86
		{DB70FED4-A278-479B-A894-B48C532990A9}.Release|iPhoneSimulator.Deploy.0 = Release|x86
		{DB70FED4-A278-479B-A894-B48C532990A9}.Release|x64.ActiveCfg = Release|x64
		{DB70FED4-A278-479B-A894-B48C532990A9}.Release|x64.Build.0 = Release|x64
		{DB70FED4-A278-479B-A894-B48C532990A9}.Release|x64.Deploy.0 = Release|x64
		{DB70FED4-A278-479B-A894-B48C532990A9}.Release|x86.ActiveCfg = Release|x86
		{DB70FED4-A278-479B-A894-B48C532990A9}.Release|x86.Build.0 = Release|x86
		{DB70FED4-A278-479B-A894-B48C532990A9}.Release|x86.Deploy.0 = Release|x86
		{587A680A-E099-4605-914E-06C2394DDB54}.Ad-Hoc|Any CPU.ActiveCfg = Debug|Any CPU
		{587A680A-E099-4605-914E-06C2394DDB54}.Ad-Hoc|Any CPU.Build.0 = Debug|Any CPU
		{587A680A-E099-4605-914E-06C2394DDB54}.Ad-Hoc|Any CPU.Deploy.0 = Debug|Any CPU
		{587A680A-E099-4605-914E-06C2394DDB54}.Ad-Hoc|ARM.ActiveCfg = Debug|Any CPU
		{587A680A-E099-4605-914E-06C2394DDB54}.Ad-Hoc|ARM.Build.0 = Debug|Any CPU
		{587A680A-E099-4605-914E-06C2394DDB54}.Ad-Hoc|ARM.Deploy.0 = Debug|Any CPU
		{587A680A-E099-4605-914E-06C2394DDB54}.Ad-Hoc|iPhone.ActiveCfg = Debug|Any CPU
		{587A680A-E099-4605-914E-06C2394DDB54}.Ad-Hoc|iPhone.Build.0 = Debug|Any CPU
		{587A680A-E099-4605-914E-06C2394DDB54}.Ad-Hoc|iPhone.Deploy.0 = Debug|Any CPU
		{587A680A-E099-4605-914E-06C2394DDB54}.Ad-Hoc|iPhoneSimulator.ActiveCfg = Debug|Any CPU
		{587A680A-E099-4605-914E-06C2394DDB54}.Ad-Hoc|iPhoneSimulator.Build.0 = Debug|Any CPU
		{587A680A-E099-4605-914E-06C2394DDB54}.Ad-Hoc|iPhoneSimulator.Deploy.0 = Debug|Any CPU
		{587A680A-E099-4605-914E-06C2394DDB54}.Ad-Hoc|x64.ActiveCfg = Debug|Any CPU
		{587A680A-E099-4605-914E-06C2394DDB54}.Ad-Hoc|x64.Build.0 = Debug|Any CPU
		{587A680A-E099-4605-914E-06C2394DDB54}.Ad-Hoc|x64.Deploy.0 = Debug|Any CPU
		{587A680A-E099-4605-914E-06C2394DDB54}.Ad-Hoc|x86.ActiveCfg = Debug|Any CPU
		{587A680A-E099-4605-914E-06C2394DDB54}.Ad-Hoc|x86.Build.0 = Debug|Any CPU
		{587A680A-E099-4605-914E-06C2394DDB54}.Ad-Hoc|x86.Deploy.0 = Debug|Any CPU
		{587A680A-E099-4605-914E-06C2394DDB54}.AppStore|Any CPU.ActiveCfg = Debug|Any CPU
		{587A680A-E099-4605-914E-06C2394DDB54}.AppStore|Any CPU.Build.0 = Debug|Any CPU
		{587A680A-E099-4605-914E-06C2394DDB54}.AppStore|Any CPU.Deploy.0 = Debug|Any CPU
		{587A680A-E099-4605-914E-06C2394DDB54}.AppStore|ARM.ActiveCfg = Debug|Any CPU
		{587A680A-E099-4605-914E-06C2394DDB54}.AppStore|ARM.Build.0 = Debug|Any CPU
		{587A680A-E099-4605-914E-06C2394DDB54}.AppStore|ARM.Deploy.0 = Debug|Any CPU
		{587A680A-E099-4605-914E-06C2394DDB54}.AppStore|iPhone.ActiveCfg = Debug|Any CPU
		{587A680A-E099-4605-914E-06C2394DDB54}.AppStore|iPhone.Build.0 = Debug|Any CPU
		{587A680A-E099-4605-914E-06C2394DDB54}.AppStore|iPhone.Deploy.0 = Debug|Any CPU
		{587A680A-E099-4605-914E-06C2394DDB54}.AppStore|iPhoneSimulator.ActiveCfg = Debug|Any CPU
		{587A680A-E099-4605-914E-06C2394DDB54}.AppStore|iPhoneSimulator.Build.0 = Debug|Any CPU
		{587A680A-E099-4605-914E-06C2394DDB54}.AppStore|iPhoneSimulator.Deploy.0 = Debug|Any CPU
		{587A680A-E099-4605-914E-06C2394DDB54}.AppStore|x64.ActiveCfg = Debug|Any CPU
		{587A680A-E099-4605-914E-06C2394DDB54}.AppStore|x64.Build.0 = Debug|Any CPU
		{587A680A-E099-4605-914E-06C2394DDB54}.AppStore|x64.Deploy.0 = Debug|Any CPU
		{587A680A-E099-4605-914E-06C2394DDB54}.AppStore|x86.ActiveCfg = Debug|Any CPU
		{587A680A-E099-4605-914E-06C2394DDB54}.AppStore|x86.Build.0 = Debug|Any CPU
		{587A680A-E099-4605-914E-06C2394DDB54}.AppStore|x86.Deploy.0 = Debug|Any CPU
		{587A680A-E099-4605-914E-06C2394DDB54}.Debug|Any CPU.ActiveCfg = Debug|Any CPU
		{587A680A-E099-4605-914E-06C2394DDB54}.Debug|Any CPU.Build.0 = Debug|Any CPU
		{587A680A-E099-4605-914E-06C2394DDB54}.Debug|Any CPU.Deploy.0 = Debug|Any CPU
		{587A680A-E099-4605-914E-06C2394DDB54}.Debug|ARM.ActiveCfg = Debug|Any CPU
		{587A680A-E099-4605-914E-06C2394DDB54}.Debug|ARM.Build.0 = Debug|Any CPU
		{587A680A-E099-4605-914E-06C2394DDB54}.Debug|ARM.Deploy.0 = Debug|Any CPU
		{587A680A-E099-4605-914E-06C2394DDB54}.Debug|iPhone.ActiveCfg = Debug|Any CPU
		{587A680A-E099-4605-914E-06C2394DDB54}.Debug|iPhone.Build.0 = Debug|Any CPU
		{587A680A-E099-4605-914E-06C2394DDB54}.Debug|iPhone.Deploy.0 = Debug|Any CPU
		{587A680A-E099-4605-914E-06C2394DDB54}.Debug|iPhoneSimulator.ActiveCfg = Debug|Any CPU
		{587A680A-E099-4605-914E-06C2394DDB54}.Debug|iPhoneSimulator.Build.0 = Debug|Any CPU
		{587A680A-E099-4605-914E-06C2394DDB54}.Debug|iPhoneSimulator.Deploy.0 = Debug|Any CPU
		{587A680A-E099-4605-914E-06C2394DDB54}.Debug|x64.ActiveCfg = Debug|Any CPU
		{587A680A-E099-4605-914E-06C2394DDB54}.Debug|x64.Build.0 = Debug|Any CPU
		{587A680A-E099-4605-914E-06C2394DDB54}.Debug|x64.Deploy.0 = Debug|Any CPU
		{587A680A-E099-4605-914E-06C2394DDB54}.Debug|x86.ActiveCfg = Debug|Any CPU
		{587A680A-E099-4605-914E-06C2394DDB54}.Debug|x86.Build.0 = Debug|Any CPU
		{587A680A-E099-4605-914E-06C2394DDB54}.Debug|x86.Deploy.0 = Debug|Any CPU
		{587A680A-E099-4605-914E-06C2394DDB54}.Release|Any CPU.ActiveCfg = Release|Any CPU
		{587A680A-E099-4605-914E-06C2394DDB54}.Release|Any CPU.Build.0 = Release|Any CPU
		{587A680A-E099-4605-914E-06C2394DDB54}.Release|Any CPU.Deploy.0 = Release|Any CPU
		{587A680A-E099-4605-914E-06C2394DDB54}.Release|ARM.ActiveCfg = Release|Any CPU
		{587A680A-E099-4605-914E-06C2394DDB54}.Release|ARM.Build.0 = Release|Any CPU
		{587A680A-E099-4605-914E-06C2394DDB54}.Release|ARM.Deploy.0 = Release|Any CPU
		{587A680A-E099-4605-914E-06C2394DDB54}.Release|iPhone.ActiveCfg = Release|Any CPU
		{587A680A-E099-4605-914E-06C2394DDB54}.Release|iPhone.Build.0 = Release|Any CPU
		{587A680A-E099-4605-914E-06C2394DDB54}.Release|iPhone.Deploy.0 = Release|Any CPU
		{587A680A-E099-4605-914E-06C2394DDB54}.Release|iPhoneSimulator.ActiveCfg = Release|Any CPU
		{587A680A-E099-4605-914E-06C2394DDB54}.Release|iPhoneSimulator.Build.0 = Release|Any CPU
		{587A680A-E099-4605-914E-06C2394DDB54}.Release|iPhoneSimulator.Deploy.0 = Release|Any CPU
		{587A680A-E099-4605-914E-06C2394DDB54}.Release|x64.ActiveCfg = Release|Any CPU
		{587A680A-E099-4605-914E-06C2394DDB54}.Release|x64.Build.0 = Release|Any CPU
		{587A680A-E099-4605-914E-06C2394DDB54}.Release|x64.Deploy.0 = Release|Any CPU
		{587A680A-E099-4605-914E-06C2394DDB54}.Release|x86.ActiveCfg = Release|Any CPU
		{587A680A-E099-4605-914E-06C2394DDB54}.Release|x86.Build.0 = Release|Any CPU
		{587A680A-E099-4605-914E-06C2394DDB54}.Release|x86.Deploy.0 = Release|Any CPU
	EndGlobalSection
	GlobalSection(SolutionProperties) = preSolution
		HideSolutionNode = FALSE
	EndGlobalSection
	GlobalSection(ExtensibilityGlobals) = postSolution
		SolutionGuid = {0DB3B3AC-72DD-4DD5-B155-801CFAE960D9}
	EndGlobalSection
EndGlobal
